// !$*UTF8*$!
{
	archiveVersion = 1;
	classes = {
	};
	objectVersion = 55;
	objects = {

/* Begin PBXBuildFile section */
		3605E0EB27491C3200DA012E /* AppDelegate.swift in Sources */ = {isa = PBXBuildFile; fileRef = 3605E0EA27491C3200DA012E /* AppDelegate.swift */; };
		3605E0ED27491C3200DA012E /* SceneDelegate.swift in Sources */ = {isa = PBXBuildFile; fileRef = 3605E0EC27491C3200DA012E /* SceneDelegate.swift */; };
		3605E0F227491C3200DA012E /* Main.storyboard in Resources */ = {isa = PBXBuildFile; fileRef = 3605E0F027491C3200DA012E /* Main.storyboard */; };
		3605E0F427491C3D00DA012E /* Assets.xcassets in Resources */ = {isa = PBXBuildFile; fileRef = 3605E0F327491C3D00DA012E /* Assets.xcassets */; };
		3605E0F727491C3D00DA012E /* LaunchScreen.storyboard in Resources */ = {isa = PBXBuildFile; fileRef = 3605E0F527491C3D00DA012E /* LaunchScreen.storyboard */; };
		3605E100274A794800DA012E /* Registration.swift in Sources */ = {isa = PBXBuildFile; fileRef = 3605E0FF274A794800DA012E /* Registration.swift */; };
		3605E102274A7A1E00DA012E /* RoomType.swift in Sources */ = {isa = PBXBuildFile; fileRef = 3605E101274A7A1E00DA012E /* RoomType.swift */; };
		3605E107274A7F8400DA012E /* AddRegistrationTableViewController.swift in Sources */ = {isa = PBXBuildFile; fileRef = 3605E106274A7F8400DA012E /* AddRegistrationTableViewController.swift */; };
		3605E109274BCAB100DA012E /* SelectRoomTypeTableViewController.swift in Sources */ = {isa = PBXBuildFile; fileRef = 3605E108274BCAB100DA012E /* SelectRoomTypeTableViewController.swift */; };
		3605E10C274C00D900DA012E /* SelectRoomTypeTableViewControllerProtocol.swift in Sources */ = {isa = PBXBuildFile; fileRef = 3605E10B274C00D900DA012E /* SelectRoomTypeTableViewControllerProtocol.swift */; };
		36B60001275950E3007D7C6C /* CellManager.swift in Sources */ = {isa = PBXBuildFile; fileRef = 36B60000275950E3007D7C6C /* CellManager.swift */; };
		36B60004275A4088007D7C6C /* GuestCell.swift in Sources */ = {isa = PBXBuildFile; fileRef = 36B60003275A4088007D7C6C /* GuestCell.swift */; };
		36B60006275BB270007D7C6C /* DataManager.swift in Sources */ = {isa = PBXBuildFile; fileRef = 36B60005275BB26F007D7C6C /* DataManager.swift */; };
		36B6FFFE27594EDC007D7C6C /* GuestsTableViewController.swift in Sources */ = {isa = PBXBuildFile; fileRef = 36B6FFFD27594EDC007D7C6C /* GuestsTableViewController.swift */; };
		AEF7C907B0B9A6128EA0BADD /* Pods_Hotel_Manzana.framework in Frameworks */ = {isa = PBXBuildFile; fileRef = 12E1DC8564D4427CE7A5E366 /* Pods_Hotel_Manzana.framework */; };
/* End PBXBuildFile section */

/* Begin PBXFileReference section */
		12E1DC8564D4427CE7A5E366 /* Pods_Hotel_Manzana.framework */ = {isa = PBXFileReference; explicitFileType = wrapper.framework; includeInIndex = 0; path = Pods_Hotel_Manzana.framework; sourceTree = BUILT_PRODUCTS_DIR; };
		3605E0E727491C3200DA012E /* Hotel Manzana.app */ = {isa = PBXFileReference; explicitFileType = wrapper.application; includeInIndex = 0; path = "Hotel Manzana.app"; sourceTree = BUILT_PRODUCTS_DIR; };
		3605E0EA27491C3200DA012E /* AppDelegate.swift */ = {isa = PBXFileReference; lastKnownFileType = sourcecode.swift; path = AppDelegate.swift; sourceTree = "<group>"; };
		3605E0EC27491C3200DA012E /* SceneDelegate.swift */ = {isa = PBXFileReference; lastKnownFileType = sourcecode.swift; path = SceneDelegate.swift; sourceTree = "<group>"; };
		3605E0F127491C3200DA012E /* Base */ = {isa = PBXFileReference; lastKnownFileType = file.storyboard; name = Base; path = Base.lproj/Main.storyboard; sourceTree = "<group>"; };
		3605E0F327491C3D00DA012E /* Assets.xcassets */ = {isa = PBXFileReference; lastKnownFileType = folder.assetcatalog; path = Assets.xcassets; sourceTree = "<group>"; };
		3605E0F627491C3D00DA012E /* Base */ = {isa = PBXFileReference; lastKnownFileType = file.storyboard; name = Base; path = Base.lproj/LaunchScreen.storyboard; sourceTree = "<group>"; };
		3605E0F827491C3D00DA012E /* Info.plist */ = {isa = PBXFileReference; lastKnownFileType = text.plist.xml; path = Info.plist; sourceTree = "<group>"; };
		3605E0FF274A794800DA012E /* Registration.swift */ = {isa = PBXFileReference; lastKnownFileType = sourcecode.swift; path = Registration.swift; sourceTree = "<group>"; };
		3605E101274A7A1E00DA012E /* RoomType.swift */ = {isa = PBXFileReference; lastKnownFileType = sourcecode.swift; path = RoomType.swift; sourceTree = "<group>"; };
		3605E106274A7F8400DA012E /* AddRegistrationTableViewController.swift */ = {isa = PBXFileReference; lastKnownFileType = sourcecode.swift; path = AddRegistrationTableViewController.swift; sourceTree = "<group>"; };
		3605E108274BCAB100DA012E /* SelectRoomTypeTableViewController.swift */ = {isa = PBXFileReference; lastKnownFileType = sourcecode.swift; path = SelectRoomTypeTableViewController.swift; sourceTree = "<group>"; };
		3605E10B274C00D900DA012E /* SelectRoomTypeTableViewControllerProtocol.swift */ = {isa = PBXFileReference; lastKnownFileType = sourcecode.swift; path = SelectRoomTypeTableViewControllerProtocol.swift; sourceTree = "<group>"; };
		36B60000275950E3007D7C6C /* CellManager.swift */ = {isa = PBXFileReference; lastKnownFileType = sourcecode.swift; path = CellManager.swift; sourceTree = "<group>"; };
		36B60003275A4088007D7C6C /* GuestCell.swift */ = {isa = PBXFileReference; lastKnownFileType = sourcecode.swift; path = GuestCell.swift; sourceTree = "<group>"; };
		36B60005275BB26F007D7C6C /* DataManager.swift */ = {isa = PBXFileReference; lastKnownFileType = sourcecode.swift; path = DataManager.swift; sourceTree = "<group>"; };
		36B6FFFD27594EDC007D7C6C /* GuestsTableViewController.swift */ = {isa = PBXFileReference; lastKnownFileType = sourcecode.swift; path = GuestsTableViewController.swift; sourceTree = "<group>"; };
		4246F21957E87A5512F4D5FE /* Pods-Hotel Manzana.release.xcconfig */ = {isa = PBXFileReference; includeInIndex = 1; lastKnownFileType = text.xcconfig; name = "Pods-Hotel Manzana.release.xcconfig"; path = "Target Support Files/Pods-Hotel Manzana/Pods-Hotel Manzana.release.xcconfig"; sourceTree = "<group>"; };
		4CB294462B381642008E4D62 /* zh-Hans */ = {isa = PBXFileReference; lastKnownFileType = text.plist.strings; name = "zh-Hans"; path = "zh-Hans.lproj/Main.strings"; sourceTree = "<group>"; };
		4CB294472B381642008E4D62 /* zh-Hans */ = {isa = PBXFileReference; lastKnownFileType = text.plist.strings; name = "zh-Hans"; path = "zh-Hans.lproj/LaunchScreen.strings"; sourceTree = "<group>"; };
		8BCA15A23502260ACE7A4B81 /* Pods-Hotel Manzana.debug.xcconfig */ = {isa = PBXFileReference; includeInIndex = 1; lastKnownFileType = text.xcconfig; name = "Pods-Hotel Manzana.debug.xcconfig"; path = "Target Support Files/Pods-Hotel Manzana/Pods-Hotel Manzana.debug.xcconfig"; sourceTree = "<group>"; };
/* End PBXFileReference section */

/* Begin PBXFrameworksBuildPhase section */
		3605E0E427491C3200DA012E /* Frameworks */ = {
			isa = PBXFrameworksBuildPhase;
			buildActionMask = 2147483647;
			files = (
				AEF7C907B0B9A6128EA0BADD /* Pods_Hotel_Manzana.framework in Frameworks */,
			);
			runOnlyForDeploymentPostprocessing = 0;
		};
/* End PBXFrameworksBuildPhase section */

/* Begin PBXGroup section */
		3605E0DE27491C3200DA012E = {
			isa = PBXGroup;
			children = (
				3605E0E927491C3200DA012E /* Hotel Manzana */,
				3605E0E827491C3200DA012E /* Products */,
				A32235FA7E56748C591F5F08 /* Pods */,
				48DB202CFB15FE503BA6C130 /* Frameworks */,
			);
			sourceTree = "<group>";
		};
		3605E0E827491C3200DA012E /* Products */ = {
			isa = PBXGroup;
			children = (
				3605E0E727491C3200DA012E /* Hotel Manzana.app */,
			);
			name = Products;
			sourceTree = "<group>";
		};
		3605E0E927491C3200DA012E /* Hotel Manzana */ = {
			isa = PBXGroup;
			children = (
				36B60002275A404D007D7C6C /* Cells */,
				36B6FFFF275950C8007D7C6C /* Manager */,
				3605E10A274C009300DA012E /* Protocols */,
				3605E103274A7E8E00DA012E /* View Controller */,
				3605E0FE274A791100DA012E /* Model */,
				3605E105274A7EEA00DA012E /* App */,
				3605E104274A7EB400DA012E /* Storyboards */,
			);
			path = "Hotel Manzana";
			sourceTree = "<group>";
		};
		3605E0FE274A791100DA012E /* Model */ = {
			isa = PBXGroup;
			children = (
				3605E0FF274A794800DA012E /* Registration.swift */,
				3605E101274A7A1E00DA012E /* RoomType.swift */,
			);
			path = Model;
			sourceTree = "<group>";
		};
		3605E103274A7E8E00DA012E /* View Controller */ = {
			isa = PBXGroup;
			children = (
				3605E106274A7F8400DA012E /* AddRegistrationTableViewController.swift */,
				3605E108274BCAB100DA012E /* SelectRoomTypeTableViewController.swift */,
				36B6FFFD27594EDC007D7C6C /* GuestsTableViewController.swift */,
			);
			path = "View Controller";
			sourceTree = "<group>";
		};
		3605E104274A7EB400DA012E /* Storyboards */ = {
			isa = PBXGroup;
			children = (
				3605E0F027491C3200DA012E /* Main.storyboard */,
				3605E0F527491C3D00DA012E /* LaunchScreen.storyboard */,
			);
			path = Storyboards;
			sourceTree = "<group>";
		};
		3605E105274A7EEA00DA012E /* App */ = {
			isa = PBXGroup;
			children = (
				3605E0F827491C3D00DA012E /* Info.plist */,
				3605E0EA27491C3200DA012E /* AppDelegate.swift */,
				3605E0EC27491C3200DA012E /* SceneDelegate.swift */,
				3605E0F327491C3D00DA012E /* Assets.xcassets */,
			);
			path = App;
			sourceTree = "<group>";
		};
		3605E10A274C009300DA012E /* Protocols */ = {
			isa = PBXGroup;
			children = (
				3605E10B274C00D900DA012E /* SelectRoomTypeTableViewControllerProtocol.swift */,
			);
			path = Protocols;
			sourceTree = "<group>";
		};
		36B60002275A404D007D7C6C /* Cells */ = {
			isa = PBXGroup;
			children = (
				36B60003275A4088007D7C6C /* GuestCell.swift */,
			);
			path = Cells;
			sourceTree = "<group>";
		};
		36B6FFFF275950C8007D7C6C /* Manager */ = {
			isa = PBXGroup;
			children = (
				36B60000275950E3007D7C6C /* CellManager.swift */,
				36B60005275BB26F007D7C6C /* DataManager.swift */,
			);
			path = Manager;
			sourceTree = "<group>";
		};
		48DB202CFB15FE503BA6C130 /* Frameworks */ = {
			isa = PBXGroup;
			children = (
				12E1DC8564D4427CE7A5E366 /* Pods_Hotel_Manzana.framework */,
			);
			name = Frameworks;
			sourceTree = "<group>";
		};
		A32235FA7E56748C591F5F08 /* Pods */ = {
			isa = PBXGroup;
			children = (
				8BCA15A23502260ACE7A4B81 /* Pods-Hotel Manzana.debug.xcconfig */,
				4246F21957E87A5512F4D5FE /* Pods-Hotel Manzana.release.xcconfig */,
			);
			path = Pods;
			sourceTree = "<group>";
		};
/* End PBXGroup section */

/* Begin PBXNativeTarget section */
		3605E0E627491C3200DA012E /* Hotel Manzana */ = {
			isa = PBXNativeTarget;
			buildConfigurationList = 3605E0FB27491C3D00DA012E /* Build configuration list for PBXNativeTarget "Hotel Manzana" */;
			buildPhases = (
				2A80C1E8E5A84E04547619E5 /* [CP] Check Pods Manifest.lock */,
				3605E0E327491C3200DA012E /* Sources */,
				3605E0E427491C3200DA012E /* Frameworks */,
				3605E0E527491C3200DA012E /* Resources */,
				D034E44CBB0A6DE59FC03D60 /* [CP] Embed Pods Frameworks */,
			);
			buildRules = (
			);
			dependencies = (
			);
			name = "Hotel Manzana";
			productName = "Hotel Manzana";
			productReference = 3605E0E727491C3200DA012E /* Hotel Manzana.app */;
			productType = "com.apple.product-type.application";
		};
/* End PBXNativeTarget section */

/* Begin PBXProject section */
		3605E0DF27491C3200DA012E /* Project object */ = {
			isa = PBXProject;
			attributes = {
				BuildIndependentTargetsInParallel = 1;
				LastSwiftUpdateCheck = 1310;
				LastUpgradeCheck = 1310;
				TargetAttributes = {
					3605E0E627491C3200DA012E = {
						CreatedOnToolsVersion = 13.1;
					};
				};
			};
			buildConfigurationList = 3605E0E227491C3200DA012E /* Build configuration list for PBXProject "Hotel-Manzana" */;
			compatibilityVersion = "Xcode 13.0";
			developmentRegion = en;
			hasScannedForEncodings = 0;
			knownRegions = (
				en,
				Base,
				"zh-Hans",
			);
			mainGroup = 3605E0DE27491C3200DA012E;
			productRefGroup = 3605E0E827491C3200DA012E /* Products */;
			projectDirPath = "";
			projectRoot = "";
			targets = (
				3605E0E627491C3200DA012E /* Hotel Manzana */,
			);
		};
/* End PBXProject section */

/* Begin PBXResourcesBuildPhase section */
		3605E0E527491C3200DA012E /* Resources */ = {
			isa = PBXResourcesBuildPhase;
			buildActionMask = 2147483647;
			files = (
				3605E0F727491C3D00DA012E /* LaunchScreen.storyboard in Resources */,
				3605E0F427491C3D00DA012E /* Assets.xcassets in Resources */,
				3605E0F227491C3200DA012E /* Main.storyboard in Resources */,
			);
			runOnlyForDeploymentPostprocessing = 0;
		};
/* End PBXResourcesBuildPhase section */

/* Begin PBXShellScriptBuildPhase section */
		2A80C1E8E5A84E04547619E5 /* [CP] Check Pods Manifest.lock */ = {
			isa = PBXShellScriptBuildPhase;
			buildActionMask = 2147483647;
			files = (
			);
			inputFileListPaths = (
			);
			inputPaths = (
				"${PODS_PODFILE_DIR_PATH}/Podfile.lock",
				"${PODS_ROOT}/Manifest.lock",
			);
			name = "[CP] Check Pods Manifest.lock";
			outputFileListPaths = (
			);
			outputPaths = (
				"$(DERIVED_FILE_DIR)/Pods-Hotel Manzana-checkManifestLockResult.txt",
			);
			runOnlyForDeploymentPostprocessing = 0;
			shellPath = /bin/sh;
			shellScript = "diff \"${PODS_PODFILE_DIR_PATH}/Podfile.lock\" \"${PODS_ROOT}/Manifest.lock\" > /dev/null\nif [ $? != 0 ] ; then\n    # print error to STDERR\n    echo \"error: The sandbox is not in sync with the Podfile.lock. Run 'pod install' or update your CocoaPods installation.\" >&2\n    exit 1\nfi\n# This output is used by Xcode 'outputs' to avoid re-running this script phase.\necho \"SUCCESS\" > \"${SCRIPT_OUTPUT_FILE_0}\"\n";
			showEnvVarsInLog = 0;
		};
		D034E44CBB0A6DE59FC03D60 /* [CP] Embed Pods Frameworks */ = {
			isa = PBXShellScriptBuildPhase;
			buildActionMask = 2147483647;
			files = (
			);
			inputFileListPaths = (
				"${PODS_ROOT}/Target Support Files/Pods-Hotel Manzana/Pods-Hotel Manzana-frameworks-${CONFIGURATION}-input-files.xcfilelist",
			);
			name = "[CP] Embed Pods Frameworks";
			outputFileListPaths = (
				"${PODS_ROOT}/Target Support Files/Pods-Hotel Manzana/Pods-Hotel Manzana-frameworks-${CONFIGURATION}-output-files.xcfilelist",
			);
			runOnlyForDeploymentPostprocessing = 0;
			shellPath = /bin/sh;
			shellScript = "\"${PODS_ROOT}/Target Support Files/Pods-Hotel Manzana/Pods-Hotel Manzana-frameworks.sh\"\n";
			showEnvVarsInLog = 0;
		};
/* End PBXShellScriptBuildPhase section */

/* Begin PBXSourcesBuildPhase section */
		3605E0E327491C3200DA012E /* Sources */ = {
			isa = PBXSourcesBuildPhase;
			buildActionMask = 2147483647;
			files = (
				36B60004275A4088007D7C6C /* GuestCell.swift in Sources */,
				3605E109274BCAB100DA012E /* SelectRoomTypeTableViewController.swift in Sources */,
				36B60001275950E3007D7C6C /* CellManager.swift in Sources */,
				3605E10C274C00D900DA012E /* SelectRoomTypeTableViewControllerProtocol.swift in Sources */,
				3605E102274A7A1E00DA012E /* RoomType.swift in Sources */,
				3605E107274A7F8400DA012E /* AddRegistrationTableViewController.swift in Sources */,
				36B6FFFE27594EDC007D7C6C /* GuestsTableViewController.swift in Sources */,
				3605E0EB27491C3200DA012E /* AppDelegate.swift in Sources */,
				36B60006275BB270007D7C6C /* DataManager.swift in Sources */,
				3605E100274A794800DA012E /* Registration.swift in Sources */,
				3605E0ED27491C3200DA012E /* SceneDelegate.swift in Sources */,
			);
			runOnlyForDeploymentPostprocessing = 0;
		};
/* End PBXSourcesBuildPhase section */

/* Begin PBXVariantGroup section */
		3605E0F027491C3200DA012E /* Main.storyboard */ = {
			isa = PBXVariantGroup;
			children = (
				3605E0F127491C3200DA012E /* Base */,
				4CB294462B381642008E4D62 /* zh-Hans */,
			);
			name = Main.storyboard;
			sourceTree = "<group>";
		};
		3605E0F527491C3D00DA012E /* LaunchScreen.storyboard */ = {
			isa = PBXVariantGroup;
			children = (
				3605E0F627491C3D00DA012E /* Base */,
				4CB294472B381642008E4D62 /* zh-Hans */,
			);
			name = LaunchScreen.storyboard;
			sourceTree = "<group>";
		};
/* End PBXVariantGroup section */

/* Begin XCBuildConfiguration section */
		3605E0F927491C3D00DA012E /* Debug */ = {
			isa = XCBuildConfiguration;
			buildSettings = {
				ALWAYS_SEARCH_USER_PATHS = NO;
				CLANG_ANALYZER_LOCALIZABILITY_NONLOCALIZED = YES;
				CLANG_ANALYZER_NONNULL = YES;
				CLANG_ANALYZER_NUMBER_OBJECT_CONVERSION = YES_AGGRESSIVE;
				CLANG_CXX_LANGUAGE_STANDARD = "gnu++17";
				CLANG_CXX_LIBRARY = "libc++";
				CLANG_ENABLE_MODULES = YES;
				CLANG_ENABLE_OBJC_ARC = YES;
				CLANG_ENABLE_OBJC_WEAK = YES;
				CLANG_WARN_BLOCK_CAPTURE_AUTORELEASING = YES;
				CLANG_WARN_BOOL_CONVERSION = YES;
				CLANG_WARN_COMMA = YES;
				CLANG_WARN_CONSTANT_CONVERSION = YES;
				CLANG_WARN_DEPRECATED_OBJC_IMPLEMENTATIONS = YES;
				CLANG_WARN_DIRECT_OBJC_ISA_USAGE = YES_ERROR;
				CLANG_WARN_DOCUMENTATION_COMMENTS = YES;
				CLANG_WARN_EMPTY_BODY = YES;
				CLANG_WARN_ENUM_CONVERSION = YES;
				CLANG_WARN_INFINITE_RECURSION = YES;
				CLANG_WARN_INT_CONVERSION = YES;
				CLANG_WARN_NON_LITERAL_NULL_CONVERSION = YES;
				CLANG_WARN_OBJC_IMPLICIT_RETAIN_SELF = YES;
				CLANG_WARN_OBJC_LITERAL_CONVERSION = YES;
				CLANG_WARN_OBJC_ROOT_CLASS = YES_ERROR;
				CLANG_WARN_QUOTED_INCLUDE_IN_FRAMEWORK_HEADER = YES;
				CLANG_WARN_RANGE_LOOP_ANALYSIS = YES;
				CLANG_WARN_STRICT_PROTOTYPES = YES;
				CLANG_WARN_SUSPICIOUS_MOVE = YES;
				CLANG_WARN_UNGUARDED_AVAILABILITY = YES_AGGRESSIVE;
				CLANG_WARN_UNREACHABLE_CODE = YES;
				CLANG_WARN__DUPLICATE_METHOD_MATCH = YES;
				COPY_PHASE_STRIP = NO;
				DEBUG_INFORMATION_FORMAT = dwarf;
				ENABLE_STRICT_OBJC_MSGSEND = YES;
				ENABLE_TESTABILITY = YES;
				GCC_C_LANGUAGE_STANDARD = gnu11;
				GCC_DYNAMIC_NO_PIC = NO;
				GCC_NO_COMMON_BLOCKS = YES;
				GCC_OPTIMIZATION_LEVEL = 0;
				GCC_PREPROCESSOR_DEFINITIONS = (
					"DEBUG=1",
					"$(inherited)",
				);
				GCC_WARN_64_TO_32_BIT_CONVERSION = YES;
				GCC_WARN_ABOUT_RETURN_TYPE = YES_ERROR;
				GCC_WARN_UNDECLARED_SELECTOR = YES;
				GCC_WARN_UNINITIALIZED_AUTOS = YES_AGGRESSIVE;
				GCC_WARN_UNUSED_FUNCTION = YES;
				GCC_WARN_UNUSED_VARIABLE = YES;
				IPHONEOS_DEPLOYMENT_TARGET = 15.0;
				MTL_ENABLE_DEBUG_INFO = INCLUDE_SOURCE;
				MTL_FAST_MATH = YES;
				ONLY_ACTIVE_ARCH = YES;
				SDKROOT = iphoneos;
				SWIFT_ACTIVE_COMPILATION_CONDITIONS = DEBUG;
				SWIFT_OPTIMIZATION_LEVEL = "-Onone";
			};
			name = Debug;
		};
		3605E0FA27491C3D00DA012E /* Release */ = {
			isa = XCBuildConfiguration;
			buildSettings = {
				ALWAYS_SEARCH_USER_PATHS = NO;
				CLANG_ANALYZER_LOCALIZABILITY_NONLOCALIZED = YES;
				CLANG_ANALYZER_NONNULL = YES;
				CLANG_ANALYZER_NUMBER_OBJECT_CONVERSION = YES_AGGRESSIVE;
				CLANG_CXX_LANGUAGE_STANDARD = "gnu++17";
				CLANG_CXX_LIBRARY = "libc++";
				CLANG_ENABLE_MODULES = YES;
				CLANG_ENABLE_OBJC_ARC = YES;
				CLANG_ENABLE_OBJC_WEAK = YES;
				CLANG_WARN_BLOCK_CAPTURE_AUTORELEASING = YES;
				CLANG_WARN_BOOL_CONVERSION = YES;
				CLANG_WARN_COMMA = YES;
				CLANG_WARN_CONSTANT_CONVERSION = YES;
				CLANG_WARN_DEPRECATED_OBJC_IMPLEMENTATIONS = YES;
				CLANG_WARN_DIRECT_OBJC_ISA_USAGE = YES_ERROR;
				CLANG_WARN_DOCUMENTATION_COMMENTS = YES;
				CLANG_WARN_EMPTY_BODY = YES;
				CLANG_WARN_ENUM_CONVERSION = YES;
				CLANG_WARN_INFINITE_RECURSION = YES;
				CLANG_WARN_INT_CONVERSION = YES;
				CLANG_WARN_NON_LITERAL_NULL_CONVERSION = YES;
				CLANG_WARN_OBJC_IMPLICIT_RETAIN_SELF = YES;
				CLANG_WARN_OBJC_LITERAL_CONVERSION = YES;
				CLANG_WARN_OBJC_ROOT_CLASS = YES_ERROR;
				CLANG_WARN_QUOTED_INCLUDE_IN_FRAMEWORK_HEADER = YES;
				CLANG_WARN_RANGE_LOOP_ANALYSIS = YES;
				CLANG_WARN_STRICT_PROTOTYPES = YES;
				CLANG_WARN_SUSPICIOUS_MOVE = YES;
				CLANG_WARN_UNGUARDED_AVAILABILITY = YES_AGGRESSIVE;
				CLANG_WARN_UNREACHABLE_CODE = YES;
				CLANG_WARN__DUPLICATE_METHOD_MATCH = YES;
				COPY_PHASE_STRIP = NO;
				DEBUG_INFORMATION_FORMAT = "dwarf-with-dsym";
				ENABLE_NS_ASSERTIONS = NO;
				ENABLE_STRICT_OBJC_MSGSEND = YES;
				GCC_C_LANGUAGE_STANDARD = gnu11;
				GCC_NO_COMMON_BLOCKS = YES;
				GCC_WARN_64_TO_32_BIT_CONVERSION = YES;
				GCC_WARN_ABOUT_RETURN_TYPE = YES_ERROR;
				GCC_WARN_UNDECLARED_SELECTOR = YES;
				GCC_WARN_UNINITIALIZED_AUTOS = YES_AGGRESSIVE;
				GCC_WARN_UNUSED_FUNCTION = YES;
				GCC_WARN_UNUSED_VARIABLE = YES;
				IPHONEOS_DEPLOYMENT_TARGET = 15.0;
				MTL_ENABLE_DEBUG_INFO = NO;
				MTL_FAST_MATH = YES;
				SDKROOT = iphoneos;
				SWIFT_COMPILATION_MODE = wholemodule;
				SWIFT_OPTIMIZATION_LEVEL = "-O";
				VALIDATE_PRODUCT = YES;
			};
			name = Release;
		};
		3605E0FC27491C3D00DA012E /* Debug */ = {
			isa = XCBuildConfiguration;
			baseConfigurationReference = 8BCA15A23502260ACE7A4B81 /* Pods-Hotel Manzana.debug.xcconfig */;
			buildSettings = {
				ASSETCATALOG_COMPILER_APPICON_NAME = AppIcon;
				ASSETCATALOG_COMPILER_GLOBAL_ACCENT_COLOR_NAME = AccentColor;
				CODE_SIGN_STYLE = Automatic;
				CURRENT_PROJECT_VERSION = 1;
				DEVELOPMENT_TEAM = 7VCU9G6232;
				GENERATE_INFOPLIST_FILE = YES;
				INFOPLIST_FILE = "Hotel Manzana/App/Info.plist";
				INFOPLIST_KEY_UIApplicationSupportsIndirectInputEvents = YES;
				INFOPLIST_KEY_UILaunchStoryboardName = LaunchScreen;
				INFOPLIST_KEY_UIMainStoryboardFile = Main;
				INFOPLIST_KEY_UISupportedInterfaceOrientations_iPad = "UIInterfaceOrientationPortrait UIInterfaceOrientationPortraitUpsideDown UIInterfaceOrientationLandscapeLeft UIInterfaceOrientationLandscapeRight";
				INFOPLIST_KEY_UISupportedInterfaceOrientations_iPhone = "UIInterfaceOrientationPortrait UIInterfaceOrientationLandscapeLeft UIInterfaceOrientationLandscapeRight";
				LD_RUNPATH_SEARCH_PATHS = (
					"$(inherited)",
					"@executable_path/Frameworks",
				);
				MARKETING_VERSION = 1.0;
				PRODUCT_BUNDLE_IDENTIFIER = "com.liu.Hotel-Manzana";
				PRODUCT_NAME = "$(TARGET_NAME)";
				SWIFT_EMIT_LOC_STRINGS = YES;
				SWIFT_VERSION = 5.0;
				TARGETED_DEVICE_FAMILY = "1,2";
			};
			name = Debug;
		};
		3605E0FD27491C3D00DA012E /* Release */ = {
			isa = XCBuildConfiguration;
			baseConfigurationReference = 4246F21957E87A5512F4D5FE /* Pods-Hotel Manzana.release.xcconfig */;
			buildSettings = {
				ASSETCATALOG_COMPILER_APPICON_NAME = AppIcon;
				ASSETCATALOG_COMPILER_GLOBAL_ACCENT_COLOR_NAME = AccentColor;
				CODE_SIGN_STYLE = Automatic;
				CURRENT_PROJECT_VERSION = 1;
				DEVELOPMENT_TEAM = 7VCU9G6232;
				GENERATE_INFOPLIST_FILE = YES;
				INFOPLIST_FILE = "Hotel Manzana/App/Info.plist";
				INFOPLIST_KEY_UIApplicationSupportsIndirectInputEvents = YES;
				INFOPLIST_KEY_UILaunchStoryboardName = LaunchScreen;
				INFOPLIST_KEY_UIMainStoryboardFile = Main;
				INFOPLIST_KEY_UISupportedInterfaceOrientations_iPad = "UIInterfaceOrientationPortrait UIInterfaceOrientationPortraitUpsideDown UIInterfaceOrientationLandscapeLeft UIInterfaceOrientationLandscapeRight";
				INFOPLIST_KEY_UISupportedInterfaceOrientations_iPhone = "UIInterfaceOrientationPortrait UIInterfaceOrientationLandscapeLeft UIInterfaceOrientationLandscapeRight";
				LD_RUNPATH_SEARCH_PATHS = (
					"$(inherited)",
					"@executable_path/Frameworks",
				);
				MARKETING_VERSION = 1.0;
				PRODUCT_BUNDLE_IDENTIFIER = "com.liu.Hotel-Manzana";
				PRODUCT_NAME = "$(TARGET_NAME)";
				SWIFT_EMIT_LOC_STRINGS = YES;
				SWIFT_VERSION = 5.0;
				TARGETED_DEVICE_FAMILY = "1,2";
			};
			name = Release;
		};
/* End XCBuildConfiguration section */

/* Begin XCConfigurationList section */
		3605E0E227491C3200DA012E /* Build configuration list for PBXProject "Hotel-Manzana" */ = {
			isa = XCConfigurationList;
			buildConfigurations = (
				3605E0F927491C3D00DA012E /* Debug */,
				3605E0FA27491C3D00DA012E /* Release */,
			);
			defaultConfigurationIsVisible = 0;
			defaultConfigurationName = Release;
		};
		3605E0FB27491C3D00DA012E /* Build configuration list for PBXNativeTarget "Hotel Manzana" */ = {
			isa = XCConfigurationList;
			buildConfigurations = (
				3605E0FC27491C3D00DA012E /* Debug */,
				3605E0FD27491C3D00DA012E /* Release */,
			);
			defaultConfigurationIsVisible = 0;
			defaultConfigurationName = Release;
		};
/* End XCConfigurationList section */
	};
	rootObject = 3605E0DF27491C3200DA012E /* Project object */;
}
